{
  "name": "fastbootstrap-docs",
  "version": "0.1.0",
  "lockfileVersion": 3,
  "requires": true,
  "packages": {
    "": {
      "name": "fastbootstrap-docs",
      "version": "0.1.0",
      "devDependencies": {
        "fastbootstrap": "^2.0.0",
        "prettier": "^2.7.0",
        "prettier-plugin-go-template": "^0.0.13"
      }
    },
    "node_modules/@popperjs/core": {
      "version": "2.11.8",
      "resolved": "https://registry.npmmirror.com/@popperjs/core/-/core-2.11.8.tgz",
      "integrity": "sha512-P1st0aksCrn9sGZhp8GMYwBnQsbvAWsZAX44oXNNvLHGqAOcoVxmjZiohstwQ7SqKnbR47akdNi+uleWD8+g6A==",
      "dev": true,
      "peer": true
    },
    "node_modules/bootstrap": {
      "version": "5.3.2",
      "resolved": "https://registry.npmmirror.com/bootstrap/-/bootstrap-5.3.2.tgz",
      "integrity": "sha512-D32nmNWiQHo94BKHLmOrdjlL05q1c8oxbtBphQFb9Z5to6eGRDCm0QgeaZ4zFBHzfg2++rqa2JkqCcxDy0sH0g==",
      "dev": true,
      "peerDependencies": {
        "@popperjs/core": "^2.11.8"
      }
    },
    "node_modules/fastbootstrap": {
      "version": "2.0.0",
      "resolved": "https://registry.npmmirror.com/fastbootstrap/-/fastbootstrap-2.0.0.tgz",
      "integrity": "sha512-liUAnAVs4Kdf5VsEty1ljpbKbSv0dZ+JRc4N+8NIt23LVwmIqNzDnjlMzrNEKpiXPJV7xRFQl30GD9I4Sj7y0A==",
      "dev": true,
      "dependencies": {
        "bootstrap": "^5.3.1"
      }
    },
    "node_modules/prettier": {
      "version": "2.7.0",
      "resolved": "https://registry.npmmirror.com/prettier/-/prettier-2.7.0.tgz",
      "integrity": "sha512-nwoX4GMFgxoPC6diHvSwmK/4yU8FFH3V8XWtLQrbj4IBsK2pkYhG4kf/ljF/haaZ/aii+wNJqISrCDPgxGWDVQ==",
      "dev": true,
      "bin": {
        "prettier": "bin-prettier.js"
      },
      "engines": {
        "node": ">=10.13.0"
      }
    },
    "node_modules/prettier-plugin-go-template": {
      "version": "0.0.13",
      "resolved": "https://registry.npmmirror.com/prettier-plugin-go-template/-/prettier-plugin-go-template-0.0.13.tgz",
      "integrity": "sha512-gG/xT5kd+kCzoMaTchXvdfBdsunyRCV6G8cgdPGPd2V5JGGKXUG7SjzBKU7jaGh2RTeblcAdBb/E+S/duOAMsA==",
      "dev": true,
      "dependencies": {
        "ulid": "^2.3.0"
      },
      "engines": {
        "node": ">=14.0.0"
      },
      "peerDependencies": {
        "prettier": "^2.0.0"
      }
    },
    "node_modules/ulid": {
      "version": "2.3.0",
      "resolved": "https://registry.npmmirror.com/ulid/-/ulid-2.3.0.tgz",
      "integrity": "sha512-keqHubrlpvT6G2wH0OEfSW4mquYRcbe/J8NMmveoQOjUqmo+hXtO+ORCpWhdbZ7k72UtY61BL7haGxW6enBnjw==",
      "dev": true,
      "bin": {
        "ulid": "bin/cli.js"
      }
    }
  }
}
